{
  "name": "meeting-to-demo-orchestrator",
  "lockfileVersion": 3,
  "requires": true,
  "packages": {
    "": {
      "name": "meeting-to-demo-orchestrator",
      "workspaces": [
        "apps/*",
        "packages/*",
        "packages/integrations/*"
      ],
      "devDependencies": {
        "typescript": "^5.5.4"
      }
    },
    "node_modules/@m2d/core": {
      "resolved": "packages/core",
      "link": true
    },
    "node_modules/@m2d/schemas": {
      "resolved": "packages/schemas",
      "link": true
    },
    "node_modules/typescript": {
      "version": "5.9.3",
      "resolved": "https://registry.npmjs.org/typescript/-/typescript-5.9.3.tgz",
      "integrity": "sha512-jl1vZzPDinLr9eUt3J/t7V6FgNEw9QjvBPdysz9KfQDD41fQrC2Y4vKQdiaUpFT4bXlb1RHhLpp8wtm6M5TgSw==",
      "dev": true,
      "license": "Apache-2.0",
      "bin": {
        "tsc": "bin/tsc",
        "tsserver": "bin/tsserver"
      },
      "engines": {
        "node": ">=14.17"
      }
    },
    "packages/core": {
      "name": "@m2d/core",
      "version": "0.0.1",
      "dependencies": {
        "@m2d/schemas": "0.0.1"
      }
    },
    "packages/schemas": {
      "name": "@m2d/schemas",
      "version": "0.0.1"
    }
  }
}
